// !$*UTF8*$!
{
	archiveVersion = 1;
	classes = {
	};
	objectVersion = 48;
	objects = {

/* Begin PBXBuildFile section */
		3119F4B9203EEFBD00BBC83E /* CellInter.swift in Sources */ = {isa = PBXBuildFile; fileRef = 3119F4B8203EEFBD00BBC83E /* CellInter.swift */; };
		31636AEE206523E700D21FB8 /* MapView.swift in Sources */ = {isa = PBXBuildFile; fileRef = 31636AED206523E700D21FB8 /* MapView.swift */; };
		316D199420496B7E00B46CF7 /* allRestaurants.swift in Sources */ = {isa = PBXBuildFile; fileRef = 316D199320496B7E00B46CF7 /* allRestaurants.swift */; };
		319E7EBA203B1A8D0014A774 /* AppDelegate.swift in Sources */ = {isa = PBXBuildFile; fileRef = 319E7EB9203B1A8D0014A774 /* AppDelegate.swift */; };
		319E7EBC203B1A8D0014A774 /* ViewController.swift in Sources */ = {isa = PBXBuildFile; fileRef = 319E7EBB203B1A8D0014A774 /* ViewController.swift */; };
		319E7EBF203B1A8D0014A774 /* Main.storyboard in Resources */ = {isa = PBXBuildFile; fileRef = 319E7EBD203B1A8D0014A774 /* Main.storyboard */; };
		319E7EC1203B1A8D0014A774 /* Assets.xcassets in Resources */ = {isa = PBXBuildFile; fileRef = 319E7EC0203B1A8D0014A774 /* Assets.xcassets */; };
		319E7EC4203B1A8D0014A774 /* LaunchScreen.storyboard in Resources */ = {isa = PBXBuildFile; fileRef = 319E7EC2203B1A8D0014A774 /* LaunchScreen.storyboard */; };
		319E7ECF203B1A8D0014A774 /* FoodRatingTests.swift in Sources */ = {isa = PBXBuildFile; fileRef = 319E7ECE203B1A8D0014A774 /* FoodRatingTests.swift */; };
		319E7EDA203B1A8E0014A774 /* FoodRatingUITests.swift in Sources */ = {isa = PBXBuildFile; fileRef = 319E7ED9203B1A8E0014A774 /* FoodRatingUITests.swift */; };
		319E7EEA203B24B80014A774 /* Restaurants.swift in Sources */ = {isa = PBXBuildFile; fileRef = 319E7EE9203B24B80014A774 /* Restaurants.swift */; };
		319E7EEC203B265A0014A774 /* RestaurantsDetails.swift in Sources */ = {isa = PBXBuildFile; fileRef = 319E7EEB203B265A0014A774 /* RestaurantsDetails.swift */; };
		31DFD1D320402A9E00E5E906 /* CustomPin.swift in Sources */ = {isa = PBXBuildFile; fileRef = 31DFD1D220402A9E00E5E906 /* CustomPin.swift */; };
/* End PBXBuildFile section */

/* Begin PBXContainerItemProxy section */
		319E7ECB203B1A8D0014A774 /* PBXContainerItemProxy */ = {
			isa = PBXContainerItemProxy;
			containerPortal = 319E7EAE203B1A8D0014A774 /* Project object */;
			proxyType = 1;
			remoteGlobalIDString = 319E7EB5203B1A8D0014A774;
			remoteInfo = FoodRating;
		};
		319E7ED6203B1A8E0014A774 /* PBXContainerItemProxy */ = {
			isa = PBXContainerItemProxy;
			containerPortal = 319E7EAE203B1A8D0014A774 /* Project object */;
			proxyType = 1;
			remoteGlobalIDString = 319E7EB5203B1A8D0014A774;
			remoteInfo = FoodRating;
		};
/* End PBXContainerItemProxy section */

/* Begin PBXFileReference section */
		3119F4B8203EEFBD00BBC83E /* CellInter.swift */ = {isa = PBXFileReference; lastKnownFileType = sourcecode.swift; path = CellInter.swift; sourceTree = "<group>"; };
		31636AED206523E700D21FB8 /* MapView.swift */ = {isa = PBXFileReference; lastKnownFileType = sourcecode.swift; path = MapView.swift; sourceTree = "<group>"; };
		316D199320496B7E00B46CF7 /* allRestaurants.swift */ = {isa = PBXFileReference; lastKnownFileType = sourcecode.swift; path = allRestaurants.swift; sourceTree = "<group>"; };
		319E7EB6203B1A8D0014A774 /* FoodRating.app */ = {isa = PBXFileReference; explicitFileType = wrapper.application; includeInIndex = 0; path = FoodRating.app; sourceTree = BUILT_PRODUCTS_DIR; };
		319E7EB9203B1A8D0014A774 /* AppDelegate.swift */ = {isa = PBXFileReference; lastKnownFileType = sourcecode.swift; path = AppDelegate.swift; sourceTree = "<group>"; };
		319E7EBB203B1A8D0014A774 /* ViewController.swift */ = {isa = PBXFileReference; lastKnownFileType = sourcecode.swift; path = ViewController.swift; sourceTree = "<group>"; };
		319E7EBE203B1A8D0014A774 /* Base */ = {isa = PBXFileReference; lastKnownFileType = file.storyboard; name = Base; path = Base.lproj/Main.storyboard; sourceTree = "<group>"; };
		319E7EC0203B1A8D0014A774 /* Assets.xcassets */ = {isa = PBXFileReference; lastKnownFileType = folder.assetcatalog; path = Assets.xcassets; sourceTree = "<group>"; };
		319E7EC3203B1A8D0014A774 /* Base */ = {isa = PBXFileReference; lastKnownFileType = file.storyboard; name = Base; path = Base.lproj/LaunchScreen.storyboard; sourceTree = "<group>"; };
		319E7EC5203B1A8D0014A774 /* Info.plist */ = {isa = PBXFileReference; lastKnownFileType = text.plist.xml; path = Info.plist; sourceTree = "<group>"; };
		319E7ECA203B1A8D0014A774 /* FoodRatingTests.xctest */ = {isa = PBXFileReference; explicitFileType = wrapper.cfbundle; includeInIndex = 0; path = FoodRatingTests.xctest; sourceTree = BUILT_PRODUCTS_DIR; };
		319E7ECE203B1A8D0014A774 /* FoodRatingTests.swift */ = {isa = PBXFileReference; lastKnownFileType = sourcecode.swift; path = FoodRatingTests.swift; sourceTree = "<group>"; };
		319E7ED0203B1A8D0014A774 /* Info.plist */ = {isa = PBXFileReference; lastKnownFileType = text.plist.xml; path = Info.plist; sourceTree = "<group>"; };
		319E7ED5203B1A8E0014A774 /* FoodRatingUITests.xctest */ = {isa = PBXFileReference; explicitFileType = wrapper.cfbundle; includeInIndex = 0; path = FoodRatingUITests.xctest; sourceTree = BUILT_PRODUCTS_DIR; };
		319E7ED9203B1A8E0014A774 /* FoodRatingUITests.swift */ = {isa = PBXFileReference; lastKnownFileType = sourcecode.swift; path = FoodRatingUITests.swift; sourceTree = "<group>"; };
		319E7EDB203B1A8E0014A774 /* Info.plist */ = {isa = PBXFileReference; lastKnownFileType = text.plist.xml; path = Info.plist; sourceTree = "<group>"; };
		319E7EE9203B24B80014A774 /* Restaurants.swift */ = {isa = PBXFileReference; lastKnownFileType = sourcecode.swift; path = Restaurants.swift; sourceTree = "<group>"; };
		319E7EEB203B265A0014A774 /* RestaurantsDetails.swift */ = {isa = PBXFileReference; lastKnownFileType = sourcecode.swift; path = RestaurantsDetails.swift; sourceTree = "<group>"; };
		31DFD1D220402A9E00E5E906 /* CustomPin.swift */ = {isa = PBXFileReference; lastKnownFileType = sourcecode.swift; path = CustomPin.swift; sourceTree = "<group>"; };
/* End PBXFileReference section */

/* Begin PBXFrameworksBuildPhase section */
		319E7EB3203B1A8D0014A774 /* Frameworks */ = {
			isa = PBXFrameworksBuildPhase;
			buildActionMask = 2147483647;
			files = (
			);
			runOnlyForDeploymentPostprocessing = 0;
		};
		319E7EC7203B1A8D0014A774 /* Frameworks */ = {
			isa = PBXFrameworksBuildPhase;
			buildActionMask = 2147483647;
			files = (
			);
			runOnlyForDeploymentPostprocessing = 0;
		};
		319E7ED2203B1A8E0014A774 /* Frameworks */ = {
			isa = PBXFrameworksBuildPhase;
			buildActionMask = 2147483647;
			files = (
			);
			runOnlyForDeploymentPostprocessing = 0;
		};
/* End PBXFrameworksBuildPhase section */

/* Begin PBXGroup section */
		319E7EAD203B1A8D0014A774 = {
			isa = PBXGroup;
			children = (
				319E7EB8203B1A8D0014A774 /* FoodRating */,
				319E7ECD203B1A8D0014A774 /* FoodRatingTests */,
				319E7ED8203B1A8E0014A774 /* FoodRatingUITests */,
				319E7EB7203B1A8D0014A774 /* Products */,
			);
			sourceTree = "<group>";
		};
		319E7EB7203B1A8D0014A774 /* Products */ = {
			isa = PBXGroup;
			children = (
				319E7EB6203B1A8D0014A774 /* FoodRating.app */,
				319E7ECA203B1A8D0014A774 /* FoodRatingTests.xctest */,
				319E7ED5203B1A8E0014A774 /* FoodRatingUITests.xctest */,
			);
			name = Products;
			sourceTree = "<group>";
		};
		319E7EB8203B1A8D0014A774 /* FoodRating */ = {
			isa = PBXGroup;
			children = (
				31636AED206523E700D21FB8 /* MapView.swift */,
				31DFD1D220402A9E00E5E906 /* CustomPin.swift */,
				3119F4B8203EEFBD00BBC83E /* CellInter.swift */,
				319E7EE9203B24B80014A774 /* Restaurants.swift */,
				319E7EB9203B1A8D0014A774 /* AppDelegate.swift */,
				319E7EEB203B265A0014A774 /* RestaurantsDetails.swift */,
				319E7EBB203B1A8D0014A774 /* ViewController.swift */,
				319E7EBD203B1A8D0014A774 /* Main.storyboard */,
				316D199320496B7E00B46CF7 /* allRestaurants.swift */,
				319E7EC0203B1A8D0014A774 /* Assets.xcassets */,
				319E7EC2203B1A8D0014A774 /* LaunchScreen.storyboard */,
				319E7EC5203B1A8D0014A774 /* Info.plist */,
			);
			path = FoodRating;
			sourceTree = "<group>";
		};
		319E7ECD203B1A8D0014A774 /* FoodRatingTests */ = {
			isa = PBXGroup;
			children = (
				319E7ECE203B1A8D0014A774 /* FoodRatingTests.swift */,
				319E7ED0203B1A8D0014A774 /* Info.plist */,
			);
			path = FoodRatingTests;
			sourceTree = "<group>";
		};
		319E7ED8203B1A8E0014A774 /* FoodRatingUITests */ = {
			isa = PBXGroup;
			children = (
				319E7ED9203B1A8E0014A774 /* FoodRatingUITests.swift */,
				319E7EDB203B1A8E0014A774 /* Info.plist */,
			);
			path = FoodRatingUITests;
			sourceTree = "<group>";
		};
/* End PBXGroup section */

/* Begin PBXNativeTarget section */
		319E7EB5203B1A8D0014A774 /* FoodRating */ = {
			isa = PBXNativeTarget;
			buildConfigurationList = 319E7EDE203B1A8E0014A774 /* Build configuration list for PBXNativeTarget "FoodRating" */;
			buildPhases = (
				319E7EB2203B1A8D0014A774 /* Sources */,
				319E7EB3203B1A8D0014A774 /* Frameworks */,
				319E7EB4203B1A8D0014A774 /* Resources */,
			);
			buildRules = (
			);
			dependencies = (
			);
			name = FoodRating;
			productName = FoodRating;
			productReference = 319E7EB6203B1A8D0014A774 /* FoodRating.app */;
			productType = "com.apple.product-type.application";
		};
		319E7EC9203B1A8D0014A774 /* FoodRatingTests */ = {
			isa = PBXNativeTarget;
			buildConfigurationList = 319E7EE1203B1A8E0014A774 /* Build configuration list for PBXNativeTarget "FoodRatingTests" */;
			buildPhases = (
				319E7EC6203B1A8D0014A774 /* Sources */,
				319E7EC7203B1A8D0014A774 /* Frameworks */,
				319E7EC8203B1A8D0014A774 /* Resources */,
			);
			buildRules = (
			);
			dependencies = (
				319E7ECC203B1A8D0014A774 /* PBXTargetDependency */,
			);
			name = FoodRatingTests;
			productName = FoodRatingTests;
			productReference = 319E7ECA203B1A8D0014A774 /* FoodRatingTests.xctest */;
			productType = "com.apple.product-type.bundle.unit-test";
		};
		319E7ED4203B1A8E0014A774 /* FoodRatingUITests */ = {
			isa = PBXNativeTarget;
			buildConfigurationList = 319E7EE4203B1A8E0014A774 /* Build configuration list for PBXNativeTarget "FoodRatingUITests" */;
			buildPhases = (
				319E7ED1203B1A8E0014A774 /* Sources */,
				319E7ED2203B1A8E0014A774 /* Frameworks */,
				319E7ED3203B1A8E0014A774 /* Resources */,
			);
			buildRules = (
			);
			dependencies = (
				319E7ED7203B1A8E0014A774 /* PBXTargetDependency */,
			);
			name = FoodRatingUITests;
			productName = FoodRatingUITests;
			productReference = 319E7ED5203B1A8E0014A774 /* FoodRatingUITests.xctest */;
			productType = "com.apple.product-type.bundle.ui-testing";
		};
/* End PBXNativeTarget section */

/* Begin PBXProject section */
		319E7EAE203B1A8D0014A774 /* Project object */ = {
			isa = PBXProject;
			attributes = {
				LastSwiftUpdateCheck = 0920;
				LastUpgradeCheck = 0920;
				ORGANIZATIONNAME = "Callum Jones";
				TargetAttributes = {
					319E7EB5203B1A8D0014A774 = {
						CreatedOnToolsVersion = 9.2;
						ProvisioningStyle = Automatic;
					};
					319E7EC9203B1A8D0014A774 = {
						CreatedOnToolsVersion = 9.2;
						ProvisioningStyle = Automatic;
						TestTargetID = 319E7EB5203B1A8D0014A774;
					};
					319E7ED4203B1A8E0014A774 = {
						CreatedOnToolsVersion = 9.2;
						ProvisioningStyle = Automatic;
						TestTargetID = 319E7EB5203B1A8D0014A774;
					};
				};
			};
			buildConfigurationList = 319E7EB1203B1A8D0014A774 /* Build configuration list for PBXProject "FoodRating" */;
			compatibilityVersion = "Xcode 8.0";
			developmentRegion = en;
			hasScannedForEncodings = 0;
			knownRegions = (
				en,
				Base,
			);
			mainGroup = 319E7EAD203B1A8D0014A774;
			productRefGroup = 319E7EB7203B1A8D0014A774 /* Products */;
			projectDirPath = "";
			projectRoot = "";
			targets = (
				319E7EB5203B1A8D0014A774 /* FoodRating */,
				319E7EC9203B1A8D0014A774 /* FoodRatingTests */,
				319E7ED4203B1A8E0014A774 /* FoodRatingUITests */,
			);
		};
/* End PBXProject section */

/* Begin PBXResourcesBuildPhase section */
		319E7EB4203B1A8D0014A774 /* Resources */ = {
			isa = PBXResourcesBuildPhase;
			buildActionMask = 2147483647;
			files = (
				319E7EC4203B1A8D0014A774 /* LaunchScreen.storyboard in Resources */,
				319E7EC1203B1A8D0014A774 /* Assets.xcassets in Resources */,
				319E7EBF203B1A8D0014A774 /* Main.storyboard in Resources */,
			);
			runOnlyForDeploymentPostprocessing = 0;
		};
		319E7EC8203B1A8D0014A774 /* Resources */ = {
			isa = PBXResourcesBuildPhase;
			buildActionMask = 2147483647;
			files = (
			);
			runOnlyForDeploymentPostprocessing = 0;
		};
		319E7ED3203B1A8E0014A774 /* Resources */ = {
			isa = PBXResourcesBuildPhase;
			buildActionMask = 2147483647;
			files = (
			);
			runOnlyForDeploymentPostprocessing = 0;
		};
/* End PBXResourcesBuildPhase section */

/* Begin PBXSourcesBuildPhase section */
		319E7EB2203B1A8D0014A774 /* Sources */ = {
			isa = PBXSourcesBuildPhase;
			buildActionMask = 2147483647;
			files = (
				31DFD1D320402A9E00E5E906 /* CustomPin.swift in Sources */,
				31636AEE206523E700D21FB8 /* MapView.swift in Sources */,
				3119F4B9203EEFBD00BBC83E /* CellInter.swift in Sources */,
				319E7EBC203B1A8D0014A774 /* ViewController.swift in Sources */,
				319E7EEC203B265A0014A774 /* RestaurantsDetails.swift in Sources */,
				319E7EEA203B24B80014A774 /* Restaurants.swift in Sources */,
				319E7EBA203B1A8D0014A774 /* AppDelegate.swift in Sources */,
				316D199420496B7E00B46CF7 /* allRestaurants.swift in Sources */,
			);
			runOnlyForDeploymentPostprocessing = 0;
		};
		319E7EC6203B1A8D0014A774 /* Sources */ = {
			isa = PBXSourcesBuildPhase;
			buildActionMask = 2147483647;
			files = (
				319E7ECF203B1A8D0014A774 /* FoodRatingTests.swift in Sources */,
			);
			runOnlyForDeploymentPostprocessing = 0;
		};
		319E7ED1203B1A8E0014A774 /* Sources */ = {
			isa = PBXSourcesBuildPhase;
			buildActionMask = 2147483647;
			files = (
				319E7EDA203B1A8E0014A774 /* FoodRatingUITests.swift in Sources */,
			);
			runOnlyForDeploymentPostprocessing = 0;
		};
/* End PBXSourcesBuildPhase section */

/* Begin PBXTargetDependency section */
		319E7ECC203B1A8D0014A774 /* PBXTargetDependency */ = {
			isa = PBXTargetDependency;
			target = 319E7EB5203B1A8D0014A774 /* FoodRating */;
			targetProxy = 319E7ECB203B1A8D0014A774 /* PBXContainerItemProxy */;
		};
		319E7ED7203B1A8E0014A774 /* PBXTargetDependency */ = {
			isa = PBXTargetDependency;
			target = 319E7EB5203B1A8D0014A774 /* FoodRating */;
			targetProxy = 319E7ED6203B1A8E0014A774 /* PBXContainerItemProxy */;
		};
/* End PBXTargetDependency section */

/* Begin PBXVariantGroup section */
		319E7EBD203B1A8D0014A774 /* Main.storyboard */ = {
			isa = PBXVariantGroup;
			children = (
				319E7EBE203B1A8D0014A774 /* Base */,
			);
			name = Main.storyboard;
			sourceTree = "<group>";
		};
		319E7EC2203B1A8D0014A774 /* LaunchScreen.storyboard */ = {
			isa = PBXVariantGroup;
			children = (
				319E7EC3203B1A8D0014A774 /* Base */,
			);
			name = LaunchScreen.storyboard;
			sourceTree = "<group>";
		};
/* End PBXVariantGroup section */

/* Begin XCBuildConfiguration section */
		319E7EDC203B1A8E0014A774 /* Debug */ = {
			isa = XCBuildConfiguration;
			buildSettings = {
				ALWAYS_SEARCH_USER_PATHS = NO;
				CLANG_ANALYZER_NONNULL = YES;
				CLANG_ANALYZER_NUMBER_OBJECT_CONVERSION = YES_AGGRESSIVE;
				CLANG_CXX_LANGUAGE_STANDARD = "gnu++14";
				CLANG_CXX_LIBRARY = "libc++";
				CLANG_ENABLE_MODULES = YES;
				CLANG_ENABLE_OBJC_ARC = YES;
				CLANG_WARN_BLOCK_CAPTURE_AUTORELEASING = YES;
				CLANG_WARN_BOOL_CONVERSION = YES;
				CLANG_WARN_COMMA = YES;
				CLANG_WARN_CONSTANT_CONVERSION = YES;
				CLANG_WARN_DIRECT_OBJC_ISA_USAGE = YES_ERROR;
				CLANG_WARN_DOCUMENTATION_COMMENTS = YES;
				CLANG_WARN_EMPTY_BODY = YES;
				CLANG_WARN_ENUM_CONVERSION = YES;
				CLANG_WARN_INFINITE_RECURSION = YES;
				CLANG_WARN_INT_CONVERSION = YES;
				CLANG_WARN_NON_LITERAL_NULL_CONVERSION = YES;
				CLANG_WARN_OBJC_LITERAL_CONVERSION = YES;
				CLANG_WARN_OBJC_ROOT_CLASS = YES_ERROR;
				CLANG_WARN_RANGE_LOOP_ANALYSIS = YES;
				CLANG_WARN_STRICT_PROTOTYPES = YES;
				CLANG_WARN_SUSPICIOUS_MOVE = YES;
				CLANG_WARN_UNGUARDED_AVAILABILITY = YES_AGGRESSIVE;
				CLANG_WARN_UNREACHABLE_CODE = YES;
				CLANG_WARN__DUPLICATE_METHOD_MATCH = YES;
				CODE_SIGN_IDENTITY = "iPhone Developer";
				COPY_PHASE_STRIP = NO;
				DEBUG_INFORMATION_FORMAT = dwarf;
				ENABLE_STRICT_OBJC_MSGSEND = YES;
				ENABLE_TESTABILITY = YES;
				GCC_C_LANGUAGE_STANDARD = gnu11;
				GCC_DYNAMIC_NO_PIC = NO;
				GCC_NO_COMMON_BLOCKS = YES;
				GCC_OPTIMIZATION_LEVEL = 0;
				GCC_PREPROCESSOR_DEFINITIONS = (
					"DEBUG=1",
					"$(inherited)",
				);
				GCC_WARN_64_TO_32_BIT_CONVERSION = YES;
				GCC_WARN_ABOUT_RETURN_TYPE = YES_ERROR;
				GCC_WARN_UNDECLARED_SELECTOR = YES;
				GCC_WARN_UNINITIALIZED_AUTOS = YES_AGGRESSIVE;
				GCC_WARN_UNUSED_FUNCTION = YES;
				GCC_WARN_UNUSED_VARIABLE = YES;
				IPHONEOS_DEPLOYMENT_TARGET = 11.2;
				MTL_ENABLE_DEBUG_INFO = YES;
				ONLY_ACTIVE_ARCH = YES;
				SDKROOT = iphoneos;
				SWIFT_ACTIVE_COMPILATION_CONDITIONS = DEBUG;
				SWIFT_OPTIMIZATION_LEVEL = "-Onone";
			};
			name = Debug;
		};
		319E7EDD203B1A8E0014A774 /* Release */ = {
			isa = XCBuildConfiguration;
			buildSettings = {
				ALWAYS_SEARCH_USER_PATHS = NO;
				CLANG_ANALYZER_NONNULL = YES;
				CLANG_ANALYZER_NUMBER_OBJECT_CONVERSION = YES_AGGRESSIVE;
				CLANG_CXX_LANGUAGE_STANDARD = "gnu++14";
				CLANG_CXX_LIBRARY = "libc++";
				CLANG_ENABLE_MODULES = YES;
				CLANG_ENABLE_OBJC_ARC = YES;
				CLANG_WARN_BLOCK_CAPTURE_AUTORELEASING = YES;
				CLANG_WARN_BOOL_CONVERSION = YES;
				CLANG_WARN_COMMA = YES;
				CLANG_WARN_CONSTANT_CONVERSION = YES;
				CLANG_WARN_DIRECT_OBJC_ISA_USAGE = YES_ERROR;
				CLANG_WARN_DOCUMENTATION_COMMENTS = YES;
				CLANG_WARN_EMPTY_BODY = YES;
				CLANG_WARN_ENUM_CONVERSION = YES;
				CLANG_WARN_INFINITE_RECURSION = YES;
				CLANG_WARN_INT_CONVERSION = YES;
				CLANG_WARN_NON_LITERAL_NULL_CONVERSION = YES;
				CLANG_WARN_OBJC_LITERAL_CONVERSION = YES;
				CLANG_WARN_OBJC_ROOT_CLASS = YES_ERROR;
				CLANG_WARN_RANGE_LOOP_ANALYSIS = YES;
				CLANG_WARN_STRICT_PROTOTYPES = YES;
				CLANG_WARN_SUSPICIOUS_MOVE = YES;
				CLANG_WARN_UNGUARDED_AVAILABILITY = YES_AGGRESSIVE;
				CLANG_WARN_UNREACHABLE_CODE = YES;
				CLANG_WARN__DUPLICATE_METHOD_MATCH = YES;
				CODE_SIGN_IDENTITY = "iPhone Developer";
				COPY_PHASE_STRIP = NO;
				DEBUG_INFORMATION_FORMAT = "dwarf-with-dsym";
				ENABLE_NS_ASSERTIONS = NO;
				ENABLE_STRICT_OBJC_MSGSEND = YES;
				GCC_C_LANGUAGE_STANDARD = gnu11;
				GCC_NO_COMMON_BLOCKS = YES;
				GCC_WARN_64_TO_32_BIT_CONVERSION = YES;
				GCC_WARN_ABOUT_RETURN_TYPE = YES_ERROR;
				GCC_WARN_UNDECLARED_SELECTOR = YES;
				GCC_WARN_UNINITIALIZED_AUTOS = YES_AGGRESSIVE;
				GCC_WARN_UNUSED_FUNCTION = YES;
				GCC_WARN_UNUSED_VARIABLE = YES;
				IPHONEOS_DEPLOYMENT_TARGET = 11.2;
				MTL_ENABLE_DEBUG_INFO = NO;
				SDKROOT = iphoneos;
				SWIFT_OPTIMIZATION_LEVEL = "-Owholemodule";
				VALIDATE_PRODUCT = YES;
			};
			name = Release;
		};
		319E7EDF203B1A8E0014A774 /* Debug */ = {
			isa = XCBuildConfiguration;
			buildSettings = {
				ASSETCATALOG_COMPILER_APPICON_NAME = AppIcon;
				CODE_SIGN_STYLE = Automatic;
				INFOPLIST_FILE = FoodRating/Info.plist;
				LD_RUNPATH_SEARCH_PATHS = "$(inherited) @executable_path/Frameworks";
				PRODUCT_BUNDLE_IDENTIFIER = com.callumjones.FoodRating;
				PRODUCT_NAME = "$(TARGET_NAME)";
				SWIFT_VERSION = 4.0;
				TARGETED_DEVICE_FAMILY = "1,2";
			};
			name = Debug;
		};
		319E7EE0203B1A8E0014A774 /* Release */ = {
			isa = XCBuildConfiguration;
			buildSettings = {
				ASSETCATALOG_COMPILER_APPICON_NAME = AppIcon;
				CODE_SIGN_STYLE = Automatic;
				INFOPLIST_FILE = FoodRating/Info.plist;
				LD_RUNPATH_SEARCH_PATHS = "$(inherited) @executable_path/Frameworks";
				PRODUCT_BUNDLE_IDENTIFIER = com.callumjones.FoodRating;
				PRODUCT_NAME = "$(TARGET_NAME)";
				SWIFT_VERSION = 4.0;
				TARGETED_DEVICE_FAMILY = "1,2";
			};
			name = Release;
		};
		319E7EE2203B1A8E0014A774 /* Debug */ = {
			isa = XCBuildConfiguration;
			buildSettings = {
				ALWAYS_EMBED_SWIFT_STANDARD_LIBRARIES = YES;
				BUNDLE_LOADER = "$(TEST_HOST)";
				CODE_SIGN_STYLE = Automatic;
				INFOPLIST_FILE = FoodRatingTests/Info.plist;
				LD_RUNPATH_SEARCH_PATHS = "$(inherited) @executable_path/Frameworks @loader_path/Frameworks";
				PRODUCT_BUNDLE_IDENTIFIER = com.callumjones.FoodRatingTests;
				PRODUCT_NAME = "$(TARGET_NAME)";
				SWIFT_VERSION = 4.0;
				TARGETED_DEVICE_FAMILY = "1,2";
				TEST_HOST = "$(BUILT_PRODUCTS_DIR)/FoodRating.app/FoodRating";
			};
			name = Debug;
		};
		319E7EE3203B1A8E0014A774 /* Release */ = {
			isa = XCBuildConfiguration;
			buildSettings = {
				ALWAYS_EMBED_SWIFT_STANDARD_LIBRARIES = YES;
				BUNDLE_LOADER = "$(TEST_HOST)";
				CODE_SIGN_STYLE = Automatic;
				INFOPLIST_FILE = FoodRatingTests/Info.plist;
				LD_RUNPATH_SEARCH_PATHS = "$(inherited) @executable_path/Frameworks @loader_path/Frameworks";
				PRODUCT_BUNDLE_IDENTIFIER = com.callumjones.FoodRatingTests;
				PRODUCT_NAME = "$(TARGET_NAME)";
				SWIFT_VERSION = 4.0;
				TARGETED_DEVICE_FAMILY = "1,2";
				TEST_HOST = "$(BUILT_PRODUCTS_DIR)/FoodRating.app/FoodRating";
			};
			name = Release;
		};
		319E7EE5203B1A8E0014A774 /* Debug */ = {
			isa = XCBuildConfiguration;
			buildSettings = {
				ALWAYS_EMBED_SWIFT_STANDARD_LIBRARIES = YES;
				CODE_SIGN_STYLE = Automatic;
				INFOPLIST_FILE = FoodRatingUITests/Info.plist;
				LD_RUNPATH_SEARCH_PATHS = "$(inherited) @executable_path/Frameworks @loader_path/Frameworks";
				PRODUCT_BUNDLE_IDENTIFIER = com.callumjones.FoodRatingUITests;
				PRODUCT_NAME = "$(TARGET_NAME)";
				SWIFT_VERSION = 4.0;
				TARGETED_DEVICE_FAMILY = "1,2";
				TEST_TARGET_NAME = FoodRating;
			};
			name = Debug;
		};
		319E7EE6203B1A8E0014A774 /* Release */ = {
			isa = XCBuildConfiguration;
			buildSettings = {
				ALWAYS_EMBED_SWIFT_STANDARD_LIBRARIES = YES;
				CODE_SIGN_STYLE = Automatic;
				INFOPLIST_FILE = FoodRatingUITests/Info.plist;
				LD_RUNPATH_SEARCH_PATHS = "$(inherited) @executable_path/Frameworks @loader_path/Frameworks";
				PRODUCT_BUNDLE_IDENTIFIER = com.callumjones.FoodRatingUITests;
				PRODUCT_NAME = "$(TARGET_NAME)";
				SWIFT_VERSION = 4.0;
				TARGETED_DEVICE_FAMILY = "1,2";
				TEST_TARGET_NAME = FoodRating;
			};
			name = Release;
		};
/* End XCBuildConfiguration section */

/* Begin XCConfigurationList section */
		319E7EB1203B1A8D0014A774 /* Build configuration list for PBXProject "FoodRating" */ = {
			isa = XCConfigurationList;
			buildConfigurations = (
				319E7EDC203B1A8E0014A774 /* Debug */,
				319E7EDD203B1A8E0014A774 /* Release */,
			);
			defaultConfigurationIsVisible = 0;
			defaultConfigurationName = Release;
		};
		319E7EDE203B1A8E0014A774 /* Build configuration list for PBXNativeTarget "FoodRating" */ = {
			isa = XCConfigurationList;
			buildConfigurations = (
				319E7EDF203B1A8E0014A774 /* Debug */,
				319E7EE0203B1A8E0014A774 /* Release */,
			);
			defaultConfigurationIsVisible = 0;
			defaultConfigurationName = Release;
		};
		319E7EE1203B1A8E0014A774 /* Build configuration list for PBXNativeTarget "FoodRatingTests" */ = {
			isa = XCConfigurationList;
			buildConfigurations = (
				319E7EE2203B1A8E0014A774 /* Debug */,
				319E7EE3203B1A8E0014A774 /* Release */,
			);
			defaultConfigurationIsVisible = 0;
			defaultConfigurationName = Release;
		};
		319E7EE4203B1A8E0014A774 /* Build configuration list for PBXNativeTarget "FoodRatingUITests" */ = {
			isa = XCConfigurationList;
			buildConfigurations = (
				319E7EE5203B1A8E0014A774 /* Debug */,
				319E7EE6203B1A8E0014A774 /* Release */,
			);
			defaultConfigurationIsVisible = 0;
			defaultConfigurationName = Release;
		};
/* End XCConfigurationList section */
	};
	rootObject = 319E7EAE203B1A8D0014A774 /* Project object */;
}
